{
  "name": "@arsudsandesh97/revoact",
  "version": "1.0.0",
  "lockfileVersion": 3,
  "requires": true,
  "packages": {
    "": {
      "name": "@arsudsandesh97/revoact",
      "version": "1.0.0",
      "license": "MIT",
      "bin": {
        "revoact": "bin/revoact.js"
      },
      "engines": {
        "node": ">=14.0.0"
      }
    }
  }
}
